
Microsoft Visual Studio Solution File, Format Version 12.00
# Visual Studio Version 17
VisualStudioVersion = 17.1.32228.430
MinimumVisualStudioVersion = 10.0.40219.1
Project("{FAE04EC0-301F-11D3-BF4B-00C04F79EFBC}") = "ConsoleTaxi", "ConsoleTaxi\ConsoleTaxi.csproj", "{04EE7F0E-419D-4FFC-9F5F-5DEE168021E0}"
EndProject
Global
	GlobalSection(SolutionConfigurationPlatforms) = preSolution
		Debug|Any CPU = Debug|Any CPU
		Release|Any CPU = Release|Any CPU
	EndGlobalSection
	GlobalSection(ProjectConfigurationPlatforms) = postSolution
		{04EE7F0E-419D-4FFC-9F5F-5DEE168021E0}.Debug|Any CPU.ActiveCfg = Debug|Any CPU
		{04EE7F0E-419D-4FFC-9F5F-5DEE168021E0}.Debug|Any CPU.Build.0 = Debug|Any CPU
		{04EE7F0E-419D-4FFC-9F5F-5DEE168021E0}.Release|Any CPU.ActiveCfg = Release|Any CPU
		{04EE7F0E-419D-4FFC-9F5F-5DEE168021E0}.Release|Any CPU.Build.0 = Release|Any CPU
	EndGlobalSection
	GlobalSection(SolutionProperties) = preSolution
		HideSolutionNode = FALSE
	EndGlobalSection
	GlobalSection(ExtensibilityGlobals) = postSolution
		SolutionGuid = {57688926-3B8E-4602-AB5F-749772DE41F9}
	EndGlobalSection
EndGlobal
